
Microsoft Visual Studio Solution File, Format Version 12.00
# Visual Studio Version 17
VisualStudioVersion = 17.9.34714.143
MinimumVisualStudioVersion = 10.0.40219.1
Project("{9A19103F-16F7-4668-BE54-9A1E7A4F7556}") = "TAB.Data", "TAB.Data\TAB.Data.csproj", "{10C6A3C3-4054-4865-953F-3C0A59520E09}"
EndProject
Project("{9A19103F-16F7-4668-BE54-9A1E7A4F7556}") = "TAB.App", "TAB.App\TAB.App.csproj", "{0450C92C-A39D-4D2D-85EB-18DD2BBB2373}"
EndProject
Project("{9A19103F-16F7-4668-BE54-9A1E7A4F7556}") = "TAB.Ultilities", "TAB.Ultilities\TAB.Ultilities.csproj", "{0EAAC3C4-7C3D-4140-BC8B-7D99B6BFF6D7}"
EndProject
Project("{9A19103F-16F7-4668-BE54-9A1E7A4F7556}") = "TAB.ViewModels", "TAB.ViewModels\TAB.ViewModels.csproj", "{A21A735E-70CE-4FD8-8F7D-14939AEEDB09}"
EndProject
Project("{9A19103F-16F7-4668-BE54-9A1E7A4F7556}") = "TAB.Web", "TAB.Web\TAB.Web.csproj", "{14080C2C-E3E9-4764-86EB-BEFD19BF5B82}"
EndProject
Project("{9A19103F-16F7-4668-BE54-9A1E7A4F7556}") = "TAB.BackendApi", "TAB.BackendApi\TAB.BackendApi.csproj", "{E0F9933A-8033-4680-827A-98EF8CC761AB}"
EndProject
Project("{2150E333-8FDC-42A3-9474-1A3956D46DE8}") = "0. Solution Items", "0. Solution Items", "{F0AF86AF-C7EA-4A26-9F97-77839D52681A}"
EndProject
Project("{2150E333-8FDC-42A3-9474-1A3956D46DE8}") = "1. Infrastructure", "1. Infrastructure", "{199FF5B5-4534-407A-8E2F-F97CD7787687}"
EndProject
Project("{2150E333-8FDC-42A3-9474-1A3956D46DE8}") = "2. Domain", "2. Domain", "{41D3F941-F6FB-4CBB-B214-0049297C6B23}"
EndProject
Project("{2150E333-8FDC-42A3-9474-1A3956D46DE8}") = "3. Hosts", "3. Hosts", "{A4765160-98EC-4564-B4F4-6B1670827F9D}"
EndProject
Project("{FAE04EC0-301F-11D3-BF4B-00C04F79EFBC}") = "Test", "Test\Test.csproj", "{3A106BCB-185D-40F6-B734-8F89207561D1}"
EndProject
Global
	GlobalSection(SolutionConfigurationPlatforms) = preSolution
		Debug|Any CPU = Debug|Any CPU
		Release|Any CPU = Release|Any CPU
	EndGlobalSection
	GlobalSection(ProjectConfigurationPlatforms) = postSolution
		{10C6A3C3-4054-4865-953F-3C0A59520E09}.Debug|Any CPU.ActiveCfg = Debug|Any CPU
		{10C6A3C3-4054-4865-953F-3C0A59520E09}.Debug|Any CPU.Build.0 = Debug|Any CPU
		{10C6A3C3-4054-4865-953F-3C0A59520E09}.Release|Any CPU.ActiveCfg = Release|Any CPU
		{10C6A3C3-4054-4865-953F-3C0A59520E09}.Release|Any CPU.Build.0 = Release|Any CPU
		{0450C92C-A39D-4D2D-85EB-18DD2BBB2373}.Debug|Any CPU.ActiveCfg = Debug|Any CPU
		{0450C92C-A39D-4D2D-85EB-18DD2BBB2373}.Debug|Any CPU.Build.0 = Debug|Any CPU
		{0450C92C-A39D-4D2D-85EB-18DD2BBB2373}.Release|Any CPU.ActiveCfg = Release|Any CPU
		{0450C92C-A39D-4D2D-85EB-18DD2BBB2373}.Release|Any CPU.Build.0 = Release|Any CPU
		{0EAAC3C4-7C3D-4140-BC8B-7D99B6BFF6D7}.Debug|Any CPU.ActiveCfg = Debug|Any CPU
		{0EAAC3C4-7C3D-4140-BC8B-7D99B6BFF6D7}.Debug|Any CPU.Build.0 = Debug|Any CPU
		{0EAAC3C4-7C3D-4140-BC8B-7D99B6BFF6D7}.Release|Any CPU.ActiveCfg = Release|Any CPU
		{0EAAC3C4-7C3D-4140-BC8B-7D99B6BFF6D7}.Release|Any CPU.Build.0 = Release|Any CPU
		{A21A735E-70CE-4FD8-8F7D-14939AEEDB09}.Debug|Any CPU.ActiveCfg = Debug|Any CPU
		{A21A735E-70CE-4FD8-8F7D-14939AEEDB09}.Debug|Any CPU.Build.0 = Debug|Any CPU
		{A21A735E-70CE-4FD8-8F7D-14939AEEDB09}.Release|Any CPU.ActiveCfg = Release|Any CPU
		{A21A735E-70CE-4FD8-8F7D-14939AEEDB09}.Release|Any CPU.Build.0 = Release|Any CPU
		{14080C2C-E3E9-4764-86EB-BEFD19BF5B82}.Debug|Any CPU.ActiveCfg = Debug|Any CPU
		{14080C2C-E3E9-4764-86EB-BEFD19BF5B82}.Debug|Any CPU.Build.0 = Debug|Any CPU
		{14080C2C-E3E9-4764-86EB-BEFD19BF5B82}.Release|Any CPU.ActiveCfg = Release|Any CPU
		{14080C2C-E3E9-4764-86EB-BEFD19BF5B82}.Release|Any CPU.Build.0 = Release|Any CPU
		{E0F9933A-8033-4680-827A-98EF8CC761AB}.Debug|Any CPU.ActiveCfg = Debug|Any CPU
		{E0F9933A-8033-4680-827A-98EF8CC761AB}.Debug|Any CPU.Build.0 = Debug|Any CPU
		{E0F9933A-8033-4680-827A-98EF8CC761AB}.Release|Any CPU.ActiveCfg = Release|Any CPU
		{E0F9933A-8033-4680-827A-98EF8CC761AB}.Release|Any CPU.Build.0 = Release|Any CPU
		{3A106BCB-185D-40F6-B734-8F89207561D1}.Debug|Any CPU.ActiveCfg = Debug|Any CPU
		{3A106BCB-185D-40F6-B734-8F89207561D1}.Debug|Any CPU.Build.0 = Debug|Any CPU
		{3A106BCB-185D-40F6-B734-8F89207561D1}.Release|Any CPU.ActiveCfg = Release|Any CPU
		{3A106BCB-185D-40F6-B734-8F89207561D1}.Release|Any CPU.Build.0 = Release|Any CPU
	EndGlobalSection
	GlobalSection(SolutionProperties) = preSolution
		HideSolutionNode = FALSE
	EndGlobalSection
	GlobalSection(NestedProjects) = preSolution
		{10C6A3C3-4054-4865-953F-3C0A59520E09} = {41D3F941-F6FB-4CBB-B214-0049297C6B23}
		{0450C92C-A39D-4D2D-85EB-18DD2BBB2373} = {41D3F941-F6FB-4CBB-B214-0049297C6B23}
		{0EAAC3C4-7C3D-4140-BC8B-7D99B6BFF6D7} = {199FF5B5-4534-407A-8E2F-F97CD7787687}
		{A21A735E-70CE-4FD8-8F7D-14939AEEDB09} = {199FF5B5-4534-407A-8E2F-F97CD7787687}
		{14080C2C-E3E9-4764-86EB-BEFD19BF5B82} = {A4765160-98EC-4564-B4F4-6B1670827F9D}
		{E0F9933A-8033-4680-827A-98EF8CC761AB} = {A4765160-98EC-4564-B4F4-6B1670827F9D}
	EndGlobalSection
	GlobalSection(ExtensibilityGlobals) = postSolution
		SolutionGuid = {9FF4B6FC-DA5D-473D-90A8-85CA3692A880}
	EndGlobalSection
EndGlobal
